
Microsoft Visual Studio Solution File, Format Version 12.00
# Visual Studio Version 16
VisualStudioVersion = 16.0.32126.315
MinimumVisualStudioVersion = 10.0.40219.1
Project("{FAE04EC0-301F-11D3-BF4B-00C04F79EFBC}") = "Docs and Print", "Docs and Print\Docs and Print.csproj", "{9F17A59A-19FF-4213-B437-49B65FD78FCA}"
EndProject
Global
	GlobalSection(SolutionConfigurationPlatforms) = preSolution
		Debug|Any CPU = Debug|Any CPU
		Release|Any CPU = Release|Any CPU
	EndGlobalSection
	GlobalSection(ProjectConfigurationPlatforms) = postSolution
		{9F17A59A-19FF-4213-B437-49B65FD78FCA}.Debug|Any CPU.ActiveCfg = Debug|Any CPU
		{9F17A59A-19FF-4213-B437-49B65FD78FCA}.Debug|Any CPU.Build.0 = Debug|Any CPU
		{9F17A59A-19FF-4213-B437-49B65FD78FCA}.Release|Any CPU.ActiveCfg = Release|Any CPU
		{9F17A59A-19FF-4213-B437-49B65FD78FCA}.Release|Any CPU.Build.0 = Release|Any CPU
	EndGlobalSection
	GlobalSection(SolutionProperties) = preSolution
		HideSolutionNode = FALSE
	EndGlobalSection
	GlobalSection(ExtensibilityGlobals) = postSolution
		SolutionGuid = {73430B5C-0B15-4FFC-8992-15AFB86C870F}
	EndGlobalSection
EndGlobal
